{
    "_meta": {
        "hash": {
            "sha256": "359f9bf2f255b5f5be097a0d4d4e26153f76bc4e21e1da843b70279e9a71a1d3"
        },
        "pipfile-spec": 6,
        "requires": {
            "python_version": "3.6"
        },
        "sources": [
            {
                "name": "pypi",
                "url": "https://pypi.org/simple",
                "verify_ssl": true
            }
        ]
    },
    "default": {
        "h11": {
            "hashes": [
                "sha256:33d4bca7be0fa039f4e84d50ab00531047e53d6ee8ffbc83501ea602c169cae1",
                "sha256:4bc6d6a1238b7615b266ada57e0618568066f57dd6fa967d1290ec9309b2f2f1"
            ],
            "version": "==0.9.0"
        },
        "numpy": {
            "hashes": [
                "sha256:0778076e764e146d3078b17c24c4d89e0ecd4ac5401beff8e1c87879043a0633",
                "sha256:141c7102f20abe6cf0d54c4ced8d565b86df4d3077ba2343b61a6db996cefec7",
                "sha256:14270a1ee8917d11e7753fb54fc7ffd1934f4d529235beec0b275e2ccf00333b",
                "sha256:27e11c7a8ec9d5838bc59f809bfa86efc8a4fd02e58960fa9c49d998e14332d5",
                "sha256:2a04dda79606f3d2f760384c38ccd3d5b9bb79d4c8126b67aff5eb09a253763e",
                "sha256:3c26010c1b51e1224a3ca6b8df807de6e95128b0908c7e34f190e7775455b0ca",
                "sha256:52c40f1a4262c896420c6ea1c6fda62cf67070e3947e3307f5562bd783a90336",
                "sha256:6e4f8d9e8aa79321657079b9ac03f3cf3fd067bf31c1cca4f56d49543f4356a5",
                "sha256:7242be12a58fec245ee9734e625964b97cf7e3f2f7d016603f9e56660ce479c7",
                "sha256:7dc253b542bfd4b4eb88d9dbae4ca079e7bf2e2afd819ee18891a43db66c60c7",
                "sha256:94f5bd885f67bbb25c82d80184abbf7ce4f6c3c3a41fbaa4182f034bba803e69",
                "sha256:a89e188daa119ffa0d03ce5123dee3f8ffd5115c896c2a9d4f0dbb3d8b95bfa3",
                "sha256:ad3399da9b0ca36e2f24de72f67ab2854a62e623274607e37e0ce5f5d5fa9166",
                "sha256:b0348be89275fd1d4c44ffa39530c41a21062f52299b1e3ee7d1c61f060044b8",
                "sha256:b5554368e4ede1856121b0dfa35ce71768102e4aa55e526cb8de7f374ff78722",
                "sha256:cbddc56b2502d3f87fda4f98d948eb5b11f36ff3902e17cb6cc44727f2200525",
                "sha256:d79f18f41751725c56eceab2a886f021d70fd70a6188fd386e29a045945ffc10",
                "sha256:dc2ca26a19ab32dc475dbad9dfe723d3a64c835f4c23f625c2b6566ca32b9f29",
                "sha256:dd9bcd4f294eb0633bb33d1a74febdd2b9018b8b8ed325f861fffcd2c7660bb8",
                "sha256:e8baab1bc7c9152715844f1faca6744f2416929de10d7639ed49555a85549f52",
                "sha256:ec31fe12668af687b99acf1567399632a7c47b0e17cfb9ae47c098644ef36797",
                "sha256:f12b4f7e2d8f9da3141564e6737d79016fe5336cc92de6814eba579744f65b0a",
                "sha256:f58ac38d5ca045a377b3b377c84df8175ab992c970a53332fa8ac2373df44ff7"
            ],
            "version": "==1.16.4"
        },
        "opencv-python-headless": {
            "hashes": [
                "sha256:13a9746459029c0bd64713ec81b5a57aad6e1a5dc672ee1e44708a46f5f099f6",
                "sha256:2444b3f351182f0707cafab76b935134a2ee94579e669b7dae14648acd243e93",
                "sha256:2504f27f53d419d2dbffb0390d512d666bf9aa0eb66114b4b81e1ed266282e8e",
                "sha256:3020c6a996cea3a8d36ef5c49c8641a8f32a2bb77944128749af756de2946d6e",
                "sha256:3a30ad348e8cfcab5ded9e927220bc07b18d4a26ebde20c323a35054693d91ae",
                "sha256:3dacdf4c5f9b17bd0e763c0e4399bc516bc9027ef6fac2dd1b2547a4f32ceefc",
                "sha256:408428eb7c7d8075b915ba86012177cedc4018bc3ff69b018f33042a86c8f208",
                "sha256:40fcb7de9d92b1b69e03f7de9d5d976f2cbd34eabe7df3f12c41d525e51b49d7",
                "sha256:5193fd3608ac9e6382df74c04016bdd55ff913328660b4e2419508fc0e88386e",
                "sha256:536b3f25cbe832a89dd84e526a6f7a262cb98d9b4fb566bf63438b7165979abc",
                "sha256:55a8361257c21272b08d782c7847754c664861472c72f07862c4880a6dcc1ae8",
                "sha256:57a9815214a420180471521265687413e057e8ee19fa3f30ca5d5f4ac1f41ffa",
                "sha256:5f1f5b0325cfd50cd58fc64bf66feed56238305e41450f04ab450092e18ee95b",
                "sha256:6e1f82e8a8d171bcb3dec08404e824aaedca9f12d9b957893c3c0f76d7aa5243",
                "sha256:7709abc1c1341b831bf30d2b2afaa4877bdcab7dd775c94864608c08067e65b9",
                "sha256:84ed23093b5da546ae0adf36182d3893940ea1f8ba38ea84f6d13ee9220bcff8",
                "sha256:8691c1b8059ad760f776eb7b87b1ec1202832ef0938497f5e8b8c857ea3ed8ce",
                "sha256:905c08a483137f2edd362d46420bc1c88f026b4889840b1af8b43ad29e7c2a9c",
                "sha256:94e84603a0f3dbf869fb166d0ec086adfcbaa8f97957d8b68b9788168d1462d4",
                "sha256:968587e6f251128830fd449b87829e8be1d7d35d5263c7a6d2698a58dd8e84ff",
                "sha256:a71b5bdb39c99d706493b5dc4fd7cb803ece6ac54b9115ac7aa3c4dfb1338348",
                "sha256:ac059ce7c4a8162b208d403c4418ea951e354416339ad6859b47ddc80ba9d0a8",
                "sha256:af4ccd244398d7cee5f416591b8672ae38c4da278bd89b449c0ee4d1d8391e03",
                "sha256:b31f50e6dfbeaa40164630dd3b4f3274d0378da39c6ad85e172cecc66b4074b4",
                "sha256:c8b64eaca2bd59c15db31e30cbe02151162525e855ebd79efa66d789ac0f9191",
                "sha256:e3aa46a96c5b65eab349266aecfcc3297f3ac59b86314c1507558dcb978baa02",
                "sha256:fd119b75ceec1e64a3ff9bad0096445851bc8e3ba89cdccc11cf80db2244c2df"
            ],
            "index": "pypi",
            "version": "==4.1.0.25"
        },
        "requests3": {
            "hashes": [
                "sha256:74cb66a92f5548a0a3a797a196aa847c8c989ea434d3688a22a96df1183bfe2d",
                "sha256:f256c16f8e93116228dcfb2589a92a07970a889fd1075befcc09bd9106469a7f"
            ],
            "index": "pypi",
            "version": "==0.0.0"
        }
    },
    "develop": {}
}
